{
  "name": "foam-wasm",
  "lockfileVersion": 2,
  "requires": true,
  "packages": {
    "": {
      "dependencies": {
        "foam3": "github:kgrgreer/foam3#NP-7064/LastWorkingFoobar",
        "json5": "^2.2.1",
        "wabt": "^1.0.29"
      }
    },
    "node_modules/ace-builds": {
      "version": "1.6.1",
      "resolved": "https://registry.npmjs.org/ace-builds/-/ace-builds-1.6.1.tgz",
      "integrity": "sha512-N5mf09eRnDB7h6z+En0WFv8ogaf0AHiW+ohSMSvAQnXunaBuxfuqz2iUYpNa82qF2BZ6u+b11FGBq/tgSdFxMQ=="
    },
    "node_modules/foam3": {
      "version": "2.0.0",
      "resolved": "git+ssh://git@github.com/kgrgreer/foam3.git#b22b5df89dbc9a2798602c147f0aa461552732a7",
      "dependencies": {
        "ace-builds": "^1.4.3",
        "xmldom": "^0.6.0"
      }
    },
    "node_modules/json5": {
      "version": "2.2.1",
      "resolved": "https://registry.npmjs.org/json5/-/json5-2.2.1.tgz",
      "integrity": "sha512-1hqLFMSrGHRHxav9q9gNjJ5EXznIxGVO09xQRrwplcS8qs28pZ8s8hupZAmqDwZUmVZ2Qb2jnyPOWcDH8m8dlA==",
      "bin": {
        "json5": "lib/cli.js"
      },
      "engines": {
        "node": ">=6"
      }
    },
    "node_modules/wabt": {
      "version": "1.0.29",
      "resolved": "https://registry.npmjs.org/wabt/-/wabt-1.0.29.tgz",
      "integrity": "sha512-taUwem3bYn5ZrDYSNqJ2lIAXA3t0Xon7rLjRa8PZ21h8vp0IP5SKyozcWFhv8PPC07KJkGWpDuSCnzSdJ01YsA==",
      "bin": {
        "wasm-decompile": "bin/wasm-decompile",
        "wasm-interp": "bin/wasm-interp",
        "wasm-objdump": "bin/wasm-objdump",
        "wasm-opcodecnt": "bin/wasm-opcodecnt",
        "wasm-strip": "bin/wasm-strip",
        "wasm-validate": "bin/wasm-validate",
        "wasm2c": "bin/wasm2c",
        "wasm2wat": "bin/wasm2wat",
        "wat2wasm": "bin/wat2wasm"
      }
    },
    "node_modules/xmldom": {
      "version": "0.6.0",
      "resolved": "https://registry.npmjs.org/xmldom/-/xmldom-0.6.0.tgz",
      "integrity": "sha512-iAcin401y58LckRZ0TkI4k0VSM1Qg0KGSc3i8rU+xrxe19A/BN1zHyVSJY7uoutVlaTSzYyk/v5AmkewAP7jtg==",
      "engines": {
        "node": ">=10.0.0"
      }
    }
  },
  "dependencies": {
    "ace-builds": {
      "version": "1.6.1",
      "resolved": "https://registry.npmjs.org/ace-builds/-/ace-builds-1.6.1.tgz",
      "integrity": "sha512-N5mf09eRnDB7h6z+En0WFv8ogaf0AHiW+ohSMSvAQnXunaBuxfuqz2iUYpNa82qF2BZ6u+b11FGBq/tgSdFxMQ=="
    },
    "foam3": {
      "version": "git+ssh://git@github.com/kgrgreer/foam3.git#b22b5df89dbc9a2798602c147f0aa461552732a7",
      "from": "foam3@github:kgrgreer/foam3#NP-7064/LastWorkingFoobar",
      "requires": {
        "ace-builds": "^1.4.3",
        "xmldom": "^0.6.0"
      }
    },
    "json5": {
      "version": "2.2.1",
      "resolved": "https://registry.npmjs.org/json5/-/json5-2.2.1.tgz",
      "integrity": "sha512-1hqLFMSrGHRHxav9q9gNjJ5EXznIxGVO09xQRrwplcS8qs28pZ8s8hupZAmqDwZUmVZ2Qb2jnyPOWcDH8m8dlA=="
    },
    "wabt": {
      "version": "1.0.29",
      "resolved": "https://registry.npmjs.org/wabt/-/wabt-1.0.29.tgz",
      "integrity": "sha512-taUwem3bYn5ZrDYSNqJ2lIAXA3t0Xon7rLjRa8PZ21h8vp0IP5SKyozcWFhv8PPC07KJkGWpDuSCnzSdJ01YsA=="
    },
    "xmldom": {
      "version": "0.6.0",
      "resolved": "https://registry.npmjs.org/xmldom/-/xmldom-0.6.0.tgz",
      "integrity": "sha512-iAcin401y58LckRZ0TkI4k0VSM1Qg0KGSc3i8rU+xrxe19A/BN1zHyVSJY7uoutVlaTSzYyk/v5AmkewAP7jtg=="
    }
  }
}
